Microsoft Visual Studio Solution File, Format Version 12.00
# 17
VisualStudioVersion = 17.11.35208.52
MinimumVisualStudioVersion = 10.0.40219.1
Project("{9A19103F-16F7-4668-BE54-9A1E7A4F7556}") = "Paychecks.Api", "Paychecks.Api\Paychecks.Api.csproj", "{01D6FDBD-3547-4D41-8270-D1F3EE0E6F89}"
EndProject
Project("{2150E333-8FDC-42A3-9474-1A3956D46DE8}") = "Solution Items", "Solution Items", "{130FEED9-3C2F-49B2-8447-092F5182A255}"
	ProjectSection(SolutionItems) = preProject
		.editorconfig = .editorconfig
		..\README.md = ..\README.md
	EndProjectSection
EndProject
Project("{9A19103F-16F7-4668-BE54-9A1E7A4F7556}") = "Paychecks.ApiTests", "Paychecks.ApiTests\Paychecks.ApiTests.csproj", "{82B91767-5BF4-4107-A09D-9B162A874F27}"
EndProject
Global
	GlobalSection(SolutionConfigurationPlatforms) = preSolution
		Debug|Any CPU = Debug|Any CPU
		Release|Any CPU = Release|Any CPU
	EndGlobalSection
	GlobalSection(ProjectConfigurationPlatforms) = postSolution
		{01D6FDBD-3547-4D41-8270-D1F3EE0E6F89}.Debug|Any CPU.ActiveCfg = Debug|Any CPU
		{01D6FDBD-3547-4D41-8270-D1F3EE0E6F89}.Debug|Any CPU.Build.0 = Debug|Any CPU
		{01D6FDBD-3547-4D41-8270-D1F3EE0E6F89}.Release|Any CPU.ActiveCfg = Release|Any CPU
		{01D6FDBD-3547-4D41-8270-D1F3EE0E6F89}.Release|Any CPU.Build.0 = Release|Any CPU
		{82B91767-5BF4-4107-A09D-9B162A874F27}.Debug|Any CPU.ActiveCfg = Debug|Any CPU
		{82B91767-5BF4-4107-A09D-9B162A874F27}.Debug|Any CPU.Build.0 = Debug|Any CPU
		{82B91767-5BF4-4107-A09D-9B162A874F27}.Release|Any CPU.ActiveCfg = Release|Any CPU
		{82B91767-5BF4-4107-A09D-9B162A874F27}.Release|Any CPU.Build.0 = Release|Any CPU
	EndGlobalSection
	GlobalSection(SolutionProperties) = preSolution
		HideSolutionNode = FALSE
	EndGlobalSection
	GlobalSection(ExtensibilityGlobals) = postSolution
		SolutionGuid = {2B745CB6-9BF8-4465-9096-D0FFDC1162BF}
	EndGlobalSection
EndGlobal
